
Microsoft Visual Studio Solution File, Format Version 12.00
# Visual Studio Version 17
VisualStudioVersion = 17.7.34221.43
MinimumVisualStudioVersion = 10.0.40219.1
Project("{FAE04EC0-301F-11D3-BF4B-00C04F79EFBC}") = "NotasDeAvaliações", "NotasDeAvaliações\NotasDeAvaliações.csproj", "{A39AEF66-4B83-431F-AFB4-C47A6648F3CE}"
EndProject
Global
	GlobalSection(SolutionConfigurationPlatforms) = preSolution
		Debug|Any CPU = Debug|Any CPU
		Release|Any CPU = Release|Any CPU
	EndGlobalSection
	GlobalSection(ProjectConfigurationPlatforms) = postSolution
		{A39AEF66-4B83-431F-AFB4-C47A6648F3CE}.Debug|Any CPU.ActiveCfg = Debug|Any CPU
		{A39AEF66-4B83-431F-AFB4-C47A6648F3CE}.Debug|Any CPU.Build.0 = Debug|Any CPU
		{A39AEF66-4B83-431F-AFB4-C47A6648F3CE}.Release|Any CPU.ActiveCfg = Release|Any CPU
		{A39AEF66-4B83-431F-AFB4-C47A6648F3CE}.Release|Any CPU.Build.0 = Release|Any CPU
	EndGlobalSection
	GlobalSection(SolutionProperties) = preSolution
		HideSolutionNode = FALSE
	EndGlobalSection
	GlobalSection(ExtensibilityGlobals) = postSolution
		SolutionGuid = {F13BBA25-C0F8-4DCC-9A8E-BE966D6AE753}
	EndGlobalSection
EndGlobal
