
Microsoft Visual Studio Solution File, Format Version 12.00
# Visual Studio Version 17
VisualStudioVersion = 17.9.34701.34
MinimumVisualStudioVersion = 10.0.40219.1
Project("{FAE04EC0-301F-11D3-BF4B-00C04F79EFBC}") = "Exercício 4", "Exercício 4\Exercício 4.csproj", "{5200AAD4-9B67-43D0-BCAF-218AF408F9D7}"
EndProject
Global
	GlobalSection(SolutionConfigurationPlatforms) = preSolution
		Debug|Any CPU = Debug|Any CPU
		Release|Any CPU = Release|Any CPU
	EndGlobalSection
	GlobalSection(ProjectConfigurationPlatforms) = postSolution
		{5200AAD4-9B67-43D0-BCAF-218AF408F9D7}.Debug|Any CPU.ActiveCfg = Debug|Any CPU
		{5200AAD4-9B67-43D0-BCAF-218AF408F9D7}.Debug|Any CPU.Build.0 = Debug|Any CPU
		{5200AAD4-9B67-43D0-BCAF-218AF408F9D7}.Release|Any CPU.ActiveCfg = Release|Any CPU
		{5200AAD4-9B67-43D0-BCAF-218AF408F9D7}.Release|Any CPU.Build.0 = Release|Any CPU
	EndGlobalSection
	GlobalSection(SolutionProperties) = preSolution
		HideSolutionNode = FALSE
	EndGlobalSection
	GlobalSection(ExtensibilityGlobals) = postSolution
		SolutionGuid = {02C5B9A4-0321-45BC-BA51-E91870E036D1}
	EndGlobalSection
EndGlobal
