
Microsoft Visual Studio Solution File, Format Version 12.00
# Visual Studio Version 17
VisualStudioVersion = 17.9.34701.34
MinimumVisualStudioVersion = 10.0.40219.1
Project("{FAE04EC0-301F-11D3-BF4B-00C04F79EFBC}") = "Tentativa 2", "Tentativa 2\Tentativa 2.csproj", "{1CD7EB87-53B8-42DB-A132-11E474AEC3FE}"
EndProject
Global
	GlobalSection(SolutionConfigurationPlatforms) = preSolution
		Debug|Any CPU = Debug|Any CPU
		Release|Any CPU = Release|Any CPU
	EndGlobalSection
	GlobalSection(ProjectConfigurationPlatforms) = postSolution
		{1CD7EB87-53B8-42DB-A132-11E474AEC3FE}.Debug|Any CPU.ActiveCfg = Debug|Any CPU
		{1CD7EB87-53B8-42DB-A132-11E474AEC3FE}.Debug|Any CPU.Build.0 = Debug|Any CPU
		{1CD7EB87-53B8-42DB-A132-11E474AEC3FE}.Release|Any CPU.ActiveCfg = Release|Any CPU
		{1CD7EB87-53B8-42DB-A132-11E474AEC3FE}.Release|Any CPU.Build.0 = Release|Any CPU
	EndGlobalSection
	GlobalSection(SolutionProperties) = preSolution
		HideSolutionNode = FALSE
	EndGlobalSection
	GlobalSection(ExtensibilityGlobals) = postSolution
		SolutionGuid = {5E5E8EFC-3168-48D2-9098-29A69EF8FDEB}
	EndGlobalSection
EndGlobal
