
Microsoft Visual Studio Solution File, Format Version 12.00
# Visual Studio Version 17
VisualStudioVersion = 17.9.34701.34
MinimumVisualStudioVersion = 10.0.40219.1
Project("{FAE04EC0-301F-11D3-BF4B-00C04F79EFBC}") = "Exercício 9", "Exercício 9\Exercício 9.csproj", "{DDE6164D-5346-4966-A672-2A0D3102AD2B}"
EndProject
Global
	GlobalSection(SolutionConfigurationPlatforms) = preSolution
		Debug|Any CPU = Debug|Any CPU
		Release|Any CPU = Release|Any CPU
	EndGlobalSection
	GlobalSection(ProjectConfigurationPlatforms) = postSolution
		{DDE6164D-5346-4966-A672-2A0D3102AD2B}.Debug|Any CPU.ActiveCfg = Debug|Any CPU
		{DDE6164D-5346-4966-A672-2A0D3102AD2B}.Debug|Any CPU.Build.0 = Debug|Any CPU
		{DDE6164D-5346-4966-A672-2A0D3102AD2B}.Release|Any CPU.ActiveCfg = Release|Any CPU
		{DDE6164D-5346-4966-A672-2A0D3102AD2B}.Release|Any CPU.Build.0 = Release|Any CPU
	EndGlobalSection
	GlobalSection(SolutionProperties) = preSolution
		HideSolutionNode = FALSE
	EndGlobalSection
	GlobalSection(ExtensibilityGlobals) = postSolution
		SolutionGuid = {7875A8EC-0FA9-487F-9FEB-2AFBFE61AC78}
	EndGlobalSection
EndGlobal
