
Microsoft Visual Studio Solution File, Format Version 12.00
# Visual Studio Version 17
VisualStudioVersion = 17.7.34221.43
MinimumVisualStudioVersion = 10.0.40219.1
Project("{FAE04EC0-301F-11D3-BF4B-00C04F79EFBC}") = "só vai", "só vai\só vai.csproj", "{5624E3FF-3B81-4CD6-AFE4-9DF35414CD3A}"
EndProject
Global
	GlobalSection(SolutionConfigurationPlatforms) = preSolution
		Debug|Any CPU = Debug|Any CPU
		Release|Any CPU = Release|Any CPU
	EndGlobalSection
	GlobalSection(ProjectConfigurationPlatforms) = postSolution
		{5624E3FF-3B81-4CD6-AFE4-9DF35414CD3A}.Debug|Any CPU.ActiveCfg = Debug|Any CPU
		{5624E3FF-3B81-4CD6-AFE4-9DF35414CD3A}.Debug|Any CPU.Build.0 = Debug|Any CPU
		{5624E3FF-3B81-4CD6-AFE4-9DF35414CD3A}.Release|Any CPU.ActiveCfg = Release|Any CPU
		{5624E3FF-3B81-4CD6-AFE4-9DF35414CD3A}.Release|Any CPU.Build.0 = Release|Any CPU
	EndGlobalSection
	GlobalSection(SolutionProperties) = preSolution
		HideSolutionNode = FALSE
	EndGlobalSection
	GlobalSection(ExtensibilityGlobals) = postSolution
		SolutionGuid = {47E4D78B-BEB8-4408-AD31-FE35402A5F91}
	EndGlobalSection
EndGlobal
