
Microsoft Visual Studio Solution File, Format Version 12.00
# Visual Studio Version 17
VisualStudioVersion = 17.10.34916.146
MinimumVisualStudioVersion = 10.0.40219.1
Project("{FAE04EC0-301F-11D3-BF4B-00C04F79EFBC}") = "Exercício 2", "Exercício 2\Exercício 2.csproj", "{323C1D9F-960F-4803-A1F9-FBCE0FC34A46}"
EndProject
Global
	GlobalSection(SolutionConfigurationPlatforms) = preSolution
		Debug|Any CPU = Debug|Any CPU
		Release|Any CPU = Release|Any CPU
	EndGlobalSection
	GlobalSection(ProjectConfigurationPlatforms) = postSolution
		{323C1D9F-960F-4803-A1F9-FBCE0FC34A46}.Debug|Any CPU.ActiveCfg = Debug|Any CPU
		{323C1D9F-960F-4803-A1F9-FBCE0FC34A46}.Debug|Any CPU.Build.0 = Debug|Any CPU
		{323C1D9F-960F-4803-A1F9-FBCE0FC34A46}.Release|Any CPU.ActiveCfg = Release|Any CPU
		{323C1D9F-960F-4803-A1F9-FBCE0FC34A46}.Release|Any CPU.Build.0 = Release|Any CPU
	EndGlobalSection
	GlobalSection(SolutionProperties) = preSolution
		HideSolutionNode = FALSE
	EndGlobalSection
	GlobalSection(ExtensibilityGlobals) = postSolution
		SolutionGuid = {7169EBE6-E231-459E-B121-D04D95FBF50A}
	EndGlobalSection
EndGlobal
