
Microsoft Visual Studio Solution File, Format Version 12.00
# Visual Studio Version 17
VisualStudioVersion = 17.7.34221.43
MinimumVisualStudioVersion = 10.0.40219.1
Project("{FAE04EC0-301F-11D3-BF4B-00C04F79EFBC}") = "NotaseMoedas", "NotaseMoedas\NotaseMoedas.csproj", "{8BBFAB09-6F74-4681-B421-5D7916C6DB14}"
EndProject
Global
	GlobalSection(SolutionConfigurationPlatforms) = preSolution
		Debug|Any CPU = Debug|Any CPU
		Release|Any CPU = Release|Any CPU
	EndGlobalSection
	GlobalSection(ProjectConfigurationPlatforms) = postSolution
		{8BBFAB09-6F74-4681-B421-5D7916C6DB14}.Debug|Any CPU.ActiveCfg = Debug|Any CPU
		{8BBFAB09-6F74-4681-B421-5D7916C6DB14}.Debug|Any CPU.Build.0 = Debug|Any CPU
		{8BBFAB09-6F74-4681-B421-5D7916C6DB14}.Release|Any CPU.ActiveCfg = Release|Any CPU
		{8BBFAB09-6F74-4681-B421-5D7916C6DB14}.Release|Any CPU.Build.0 = Release|Any CPU
	EndGlobalSection
	GlobalSection(SolutionProperties) = preSolution
		HideSolutionNode = FALSE
	EndGlobalSection
	GlobalSection(ExtensibilityGlobals) = postSolution
		SolutionGuid = {A7A54AF2-677A-4C9B-BC06-B672E07364DE}
	EndGlobalSection
EndGlobal
