
Microsoft Visual Studio Solution File, Format Version 12.00
# Visual Studio Version 17
VisualStudioVersion = 17.9.34701.34
MinimumVisualStudioVersion = 10.0.40219.1
Project("{FAE04EC0-301F-11D3-BF4B-00C04F79EFBC}") = "Exercício 1", "Exercício 1\Exercício 1.csproj", "{303B4D1E-BC4B-4A53-966A-F777675BDC77}"
EndProject
Global
	GlobalSection(SolutionConfigurationPlatforms) = preSolution
		Debug|Any CPU = Debug|Any CPU
		Release|Any CPU = Release|Any CPU
	EndGlobalSection
	GlobalSection(ProjectConfigurationPlatforms) = postSolution
		{303B4D1E-BC4B-4A53-966A-F777675BDC77}.Debug|Any CPU.ActiveCfg = Debug|Any CPU
		{303B4D1E-BC4B-4A53-966A-F777675BDC77}.Debug|Any CPU.Build.0 = Debug|Any CPU
		{303B4D1E-BC4B-4A53-966A-F777675BDC77}.Release|Any CPU.ActiveCfg = Release|Any CPU
		{303B4D1E-BC4B-4A53-966A-F777675BDC77}.Release|Any CPU.Build.0 = Release|Any CPU
	EndGlobalSection
	GlobalSection(SolutionProperties) = preSolution
		HideSolutionNode = FALSE
	EndGlobalSection
	GlobalSection(ExtensibilityGlobals) = postSolution
		SolutionGuid = {D237650B-5E7F-4CB6-B21F-9A46868F9992}
	EndGlobalSection
EndGlobal
